
Microsoft Visual Studio Solution File, Format Version 12.00
# Visual Studio 2012
Project("{FAE04EC0-301F-11D3-BF4B-00C04F79EFBC}") = "FloodControl", "FloodControl\FloodControl\FloodControl.csproj", "{A4E6980B-4658-437E-B10A-2C54E645229E}"
EndProject
Project("{96E2B04D-8817-42C6-938A-82C39BA4D311}") = "FloodControlContent", "FloodControl\FloodControlContent\FloodControlContent.contentproj", "{40DF28AD-3634-4FDC-B351-FEA45878EF7B}"
EndProject
Global
	GlobalSection(SolutionConfigurationPlatforms) = preSolution
		Debug|x86 = Debug|x86
		Release|x86 = Release|x86
	EndGlobalSection
	GlobalSection(ProjectConfigurationPlatforms) = postSolution
		{A4E6980B-4658-437E-B10A-2C54E645229E}.Debug|x86.ActiveCfg = Debug|x86
		{A4E6980B-4658-437E-B10A-2C54E645229E}.Debug|x86.Build.0 = Debug|x86
		{A4E6980B-4658-437E-B10A-2C54E645229E}.Release|x86.ActiveCfg = Release|x86
		{A4E6980B-4658-437E-B10A-2C54E645229E}.Release|x86.Build.0 = Release|x86
		{40DF28AD-3634-4FDC-B351-FEA45878EF7B}.Debug|x86.ActiveCfg = Debug|x86
		{40DF28AD-3634-4FDC-B351-FEA45878EF7B}.Release|x86.ActiveCfg = Release|x86
	EndGlobalSection
	GlobalSection(SolutionProperties) = preSolution
		HideSolutionNode = FALSE
	EndGlobalSection
EndGlobal
